
Microsoft Visual Studio Solution File, Format Version 12.00
# Visual Studio 2013
VisualStudioVersion = 12.0.21005.1
MinimumVisualStudioVersion = 10.0.40219.1
Project("{8BC9CEB8-8B4A-11D0-8D11-00A0C91BC942}") = "basic_lighting", "basic_lighting.vcxproj", "{44813C58-C89B-4E02-83F3-F9CA3C875952}"
EndProject
Global
	GlobalSection(SolutionConfigurationPlatforms) = preSolution
		Debug|Win32 = Debug|Win32
		Release|Win32 = Release|Win32
	EndGlobalSection
	GlobalSection(ProjectConfigurationPlatforms) = postSolution
		{44813C58-C89B-4E02-83F3-F9CA3C875952}.Debug|Win32.ActiveCfg = Debug|Win32
		{44813C58-C89B-4E02-83F3-F9CA3C875952}.Debug|Win32.Build.0 = Debug|Win32
		{44813C58-C89B-4E02-83F3-F9CA3C875952}.Release|Win32.ActiveCfg = Release|Win32
		{44813C58-C89B-4E02-83F3-F9CA3C875952}.Release|Win32.Build.0 = Release|Win32
	EndGlobalSection
	GlobalSection(SolutionProperties) = preSolution
		HideSolutionNode = FALSE
	EndGlobalSection
EndGlobal
